
Microsoft Visual Studio Solution File, Format Version 11.00
# Visual Studio 2010
Project("{8BC9CEB8-8B4A-11D0-8D11-00A0C91BC942}") = "ReflectionCodeGenSample", "ReflectionCodeGenSample\ReflectionCodeGenSample.vcxproj", "{81BFF93D-09F3-449E-9BC7-1945E157AF6D}"
	ProjectSection(ProjectDependencies) = postProject
		{41D1B21A-2763-49D9-9F3C-076DEC98441B} = {41D1B21A-2763-49D9-9F3C-076DEC98441B}
	EndProjectSection
EndProject
Project("{FAE04EC0-301F-11D3-BF4B-00C04F79EFBC}") = "ReflectParseTask", "ReflectionParseTask\ReflectParseTask.csproj", "{41D1B21A-2763-49D9-9F3C-076DEC98441B}"
EndProject
Global
	GlobalSection(SolutionConfigurationPlatforms) = preSolution
		Debug|Any CPU = Debug|Any CPU
		Debug|Mixed Platforms = Debug|Mixed Platforms
		Debug|Win32 = Debug|Win32
		Release|Any CPU = Release|Any CPU
		Release|Mixed Platforms = Release|Mixed Platforms
		Release|Win32 = Release|Win32
	EndGlobalSection
	GlobalSection(ProjectConfigurationPlatforms) = postSolution
		{81BFF93D-09F3-449E-9BC7-1945E157AF6D}.Debug|Any CPU.ActiveCfg = Debug|Win32
		{81BFF93D-09F3-449E-9BC7-1945E157AF6D}.Debug|Mixed Platforms.ActiveCfg = Debug|Win32
		{81BFF93D-09F3-449E-9BC7-1945E157AF6D}.Debug|Mixed Platforms.Build.0 = Debug|Win32
		{81BFF93D-09F3-449E-9BC7-1945E157AF6D}.Debug|Win32.ActiveCfg = Debug|Win32
		{81BFF93D-09F3-449E-9BC7-1945E157AF6D}.Debug|Win32.Build.0 = Debug|Win32
		{81BFF93D-09F3-449E-9BC7-1945E157AF6D}.Release|Any CPU.ActiveCfg = Release|Win32
		{81BFF93D-09F3-449E-9BC7-1945E157AF6D}.Release|Mixed Platforms.ActiveCfg = Release|Win32
		{81BFF93D-09F3-449E-9BC7-1945E157AF6D}.Release|Mixed Platforms.Build.0 = Release|Win32
		{81BFF93D-09F3-449E-9BC7-1945E157AF6D}.Release|Win32.ActiveCfg = Release|Win32
		{81BFF93D-09F3-449E-9BC7-1945E157AF6D}.Release|Win32.Build.0 = Release|Win32
		{41D1B21A-2763-49D9-9F3C-076DEC98441B}.Debug|Any CPU.ActiveCfg = Debug|Any CPU
		{41D1B21A-2763-49D9-9F3C-076DEC98441B}.Debug|Any CPU.Build.0 = Debug|Any CPU
		{41D1B21A-2763-49D9-9F3C-076DEC98441B}.Debug|Mixed Platforms.ActiveCfg = Debug|Any CPU
		{41D1B21A-2763-49D9-9F3C-076DEC98441B}.Debug|Mixed Platforms.Build.0 = Debug|Any CPU
		{41D1B21A-2763-49D9-9F3C-076DEC98441B}.Debug|Win32.ActiveCfg = Debug|Any CPU
		{41D1B21A-2763-49D9-9F3C-076DEC98441B}.Release|Any CPU.ActiveCfg = Release|Any CPU
		{41D1B21A-2763-49D9-9F3C-076DEC98441B}.Release|Any CPU.Build.0 = Release|Any CPU
		{41D1B21A-2763-49D9-9F3C-076DEC98441B}.Release|Mixed Platforms.ActiveCfg = Release|Any CPU
		{41D1B21A-2763-49D9-9F3C-076DEC98441B}.Release|Mixed Platforms.Build.0 = Release|Any CPU
		{41D1B21A-2763-49D9-9F3C-076DEC98441B}.Release|Win32.ActiveCfg = Release|Any CPU
	EndGlobalSection
	GlobalSection(SolutionProperties) = preSolution
		HideSolutionNode = FALSE
	EndGlobalSection
EndGlobal
